
Microsoft Visual Studio Solution File, Format Version 12.00
# Visual Studio 15
VisualStudioVersion = 15.0.27130.2010
MinimumVisualStudioVersion = 10.0.40219.1
Project("{FAE04EC0-301F-11D3-BF4B-00C04F79EFBC}") = "SportsAnalyzer", "SportsAnalyzer\SportsAnalyzer.csproj", "{F54CEB0C-4F13-4ECB-8C8D-7E400B1A2D05}"
EndProject
Global
	GlobalSection(SolutionConfigurationPlatforms) = preSolution
		Debug|Any CPU = Debug|Any CPU
		Release|Any CPU = Release|Any CPU
	EndGlobalSection
	GlobalSection(ProjectConfigurationPlatforms) = postSolution
		{F54CEB0C-4F13-4ECB-8C8D-7E400B1A2D05}.Debug|Any CPU.ActiveCfg = Debug|Any CPU
		{F54CEB0C-4F13-4ECB-8C8D-7E400B1A2D05}.Debug|Any CPU.Build.0 = Debug|Any CPU
		{F54CEB0C-4F13-4ECB-8C8D-7E400B1A2D05}.Release|Any CPU.ActiveCfg = Release|Any CPU
		{F54CEB0C-4F13-4ECB-8C8D-7E400B1A2D05}.Release|Any CPU.Build.0 = Release|Any CPU
	EndGlobalSection
	GlobalSection(SolutionProperties) = preSolution
		HideSolutionNode = FALSE
	EndGlobalSection
	GlobalSection(ExtensibilityGlobals) = postSolution
		SolutionGuid = {6DCC79B4-D17C-4C66-A96F-1C6B9DA9BC0B}
	EndGlobalSection
EndGlobal
