
Microsoft Visual Studio Solution File, Format Version 12.00
# Visual Studio 15
VisualStudioVersion = 15.0.27130.2010
MinimumVisualStudioVersion = 10.0.40219.1
Project("{9A19103F-16F7-4668-BE54-9A1E7A4F7556}") = "SportsAnalyzer.Web", "SportsAnalyzer.Web\SportsAnalyzer.Web.csproj", "{CCBCA94B-2B71-451D-B808-B12FA83FCCA2}"
EndProject
Project("{9A19103F-16F7-4668-BE54-9A1E7A4F7556}") = "SportsAnalyzer.Data", "SportsAnalyzer.Data\SportsAnalyzer.Data.csproj", "{661DD72C-FB93-42A1-89BB-1B31F93E72E0}"
EndProject
Project("{9A19103F-16F7-4668-BE54-9A1E7A4F7556}") = "SportsAnalyzer.Services", "SportsAnalyzer.Services\SportsAnalyzer.Services.csproj", "{6AB323E0-68BC-4E86-87C4-EE661DAE7DE4}"
EndProject
Project("{9A19103F-16F7-4668-BE54-9A1E7A4F7556}") = "SportsAnalyzer.Data.Common", "SportsAnalyzer.Data.Common\SportsAnalyzer.Data.Common.csproj", "{ED7F7807-C4B6-4E8A-B9B0-E7915FCA00A4}"
EndProject
Project("{9A19103F-16F7-4668-BE54-9A1E7A4F7556}") = "SportsAnalyzer.Data.Models", "SportsAnalyzer.Data.Models\SportsAnalyzer.Data.Models.csproj", "{7DED6893-0E66-45C4-98BD-433CD037BB09}"
EndProject
Project("{FAE04EC0-301F-11D3-BF4B-00C04F79EFBC}") = "SportsAnalyzer.UnitTests", "SportsAnalyzer.UnitTests\SportsAnalyzer.UnitTests.csproj", "{68A5BCDC-3F8D-4417-8458-560DA632D4F0}"
EndProject
Global
	GlobalSection(SolutionConfigurationPlatforms) = preSolution
		Debug|Any CPU = Debug|Any CPU
		Release|Any CPU = Release|Any CPU
	EndGlobalSection
	GlobalSection(ProjectConfigurationPlatforms) = postSolution
		{CCBCA94B-2B71-451D-B808-B12FA83FCCA2}.Debug|Any CPU.ActiveCfg = Debug|Any CPU
		{CCBCA94B-2B71-451D-B808-B12FA83FCCA2}.Debug|Any CPU.Build.0 = Debug|Any CPU
		{CCBCA94B-2B71-451D-B808-B12FA83FCCA2}.Release|Any CPU.ActiveCfg = Release|Any CPU
		{CCBCA94B-2B71-451D-B808-B12FA83FCCA2}.Release|Any CPU.Build.0 = Release|Any CPU
		{661DD72C-FB93-42A1-89BB-1B31F93E72E0}.Debug|Any CPU.ActiveCfg = Debug|Any CPU
		{661DD72C-FB93-42A1-89BB-1B31F93E72E0}.Debug|Any CPU.Build.0 = Debug|Any CPU
		{661DD72C-FB93-42A1-89BB-1B31F93E72E0}.Release|Any CPU.ActiveCfg = Release|Any CPU
		{661DD72C-FB93-42A1-89BB-1B31F93E72E0}.Release|Any CPU.Build.0 = Release|Any CPU
		{6AB323E0-68BC-4E86-87C4-EE661DAE7DE4}.Debug|Any CPU.ActiveCfg = Debug|Any CPU
		{6AB323E0-68BC-4E86-87C4-EE661DAE7DE4}.Debug|Any CPU.Build.0 = Debug|Any CPU
		{6AB323E0-68BC-4E86-87C4-EE661DAE7DE4}.Release|Any CPU.ActiveCfg = Release|Any CPU
		{6AB323E0-68BC-4E86-87C4-EE661DAE7DE4}.Release|Any CPU.Build.0 = Release|Any CPU
		{ED7F7807-C4B6-4E8A-B9B0-E7915FCA00A4}.Debug|Any CPU.ActiveCfg = Debug|Any CPU
		{ED7F7807-C4B6-4E8A-B9B0-E7915FCA00A4}.Debug|Any CPU.Build.0 = Debug|Any CPU
		{ED7F7807-C4B6-4E8A-B9B0-E7915FCA00A4}.Release|Any CPU.ActiveCfg = Release|Any CPU
		{ED7F7807-C4B6-4E8A-B9B0-E7915FCA00A4}.Release|Any CPU.Build.0 = Release|Any CPU
		{7DED6893-0E66-45C4-98BD-433CD037BB09}.Debug|Any CPU.ActiveCfg = Debug|Any CPU
		{7DED6893-0E66-45C4-98BD-433CD037BB09}.Debug|Any CPU.Build.0 = Debug|Any CPU
		{7DED6893-0E66-45C4-98BD-433CD037BB09}.Release|Any CPU.ActiveCfg = Release|Any CPU
		{7DED6893-0E66-45C4-98BD-433CD037BB09}.Release|Any CPU.Build.0 = Release|Any CPU
		{68A5BCDC-3F8D-4417-8458-560DA632D4F0}.Debug|Any CPU.ActiveCfg = Debug|Any CPU
		{68A5BCDC-3F8D-4417-8458-560DA632D4F0}.Debug|Any CPU.Build.0 = Debug|Any CPU
		{68A5BCDC-3F8D-4417-8458-560DA632D4F0}.Release|Any CPU.ActiveCfg = Release|Any CPU
		{68A5BCDC-3F8D-4417-8458-560DA632D4F0}.Release|Any CPU.Build.0 = Release|Any CPU
	EndGlobalSection
	GlobalSection(SolutionProperties) = preSolution
		HideSolutionNode = FALSE
	EndGlobalSection
	GlobalSection(ExtensibilityGlobals) = postSolution
		SolutionGuid = {6DCC79B4-D17C-4C66-A96F-1C6B9DA9BC0B}
	EndGlobalSection
EndGlobal
